// !$*UTF8*$!
{
	archiveVersion = 1;
	classes = {
	};
	objectVersion = 50;
	objects = {

/* Begin PBXBuildFile section */
		6E7DFFF22466A84000C512F1 /* AppDelegate.swift in Sources */ = {isa = PBXBuildFile; fileRef = 6E7DFFF12466A84000C512F1 /* AppDelegate.swift */; };
		6E7DFFF42466A84000C512F1 /* SceneDelegate.swift in Sources */ = {isa = PBXBuildFile; fileRef = 6E7DFFF32466A84000C512F1 /* SceneDelegate.swift */; };
		6E7DFFF62466A84000C512F1 /* ConcentrationViewController.swift in Sources */ = {isa = PBXBuildFile; fileRef = 6E7DFFF52466A84000C512F1 /* ConcentrationViewController.swift */; };
		6E7DFFF92466A84000C512F1 /* Main.storyboard in Resources */ = {isa = PBXBuildFile; fileRef = 6E7DFFF72466A84000C512F1 /* Main.storyboard */; };
		6E7DFFFB2466A84100C512F1 /* Assets.xcassets in Resources */ = {isa = PBXBuildFile; fileRef = 6E7DFFFA2466A84100C512F1 /* Assets.xcassets */; };
		6E7DFFFE2466A84100C512F1 /* LaunchScreen.storyboard in Resources */ = {isa = PBXBuildFile; fileRef = 6E7DFFFC2466A84100C512F1 /* LaunchScreen.storyboard */; };
		6EAF6E61246D37510073CCD2 /* Concentration.swift in Sources */ = {isa = PBXBuildFile; fileRef = 6EAF6E60246D37510073CCD2 /* Concentration.swift */; };
		6EAF6E63246D386A0073CCD2 /* Card.swift in Sources */ = {isa = PBXBuildFile; fileRef = 6EAF6E62246D386A0073CCD2 /* Card.swift */; };
		6EE548D424E28E3E0083979D /* ConcentrationThemeChooserViewController.swift in Sources */ = {isa = PBXBuildFile; fileRef = 6EE548D324E28E3E0083979D /* ConcentrationThemeChooserViewController.swift */; };
/* End PBXBuildFile section */

/* Begin PBXFileReference section */
		6E7DFFEE2466A84000C512F1 /* concentration.app */ = {isa = PBXFileReference; explicitFileType = wrapper.application; includeInIndex = 0; path = concentration.app; sourceTree = BUILT_PRODUCTS_DIR; };
		6E7DFFF12466A84000C512F1 /* AppDelegate.swift */ = {isa = PBXFileReference; lastKnownFileType = sourcecode.swift; path = AppDelegate.swift; sourceTree = "<group>"; };
		6E7DFFF32466A84000C512F1 /* SceneDelegate.swift */ = {isa = PBXFileReference; lastKnownFileType = sourcecode.swift; path = SceneDelegate.swift; sourceTree = "<group>"; };
		6E7DFFF52466A84000C512F1 /* ConcentrationViewController.swift */ = {isa = PBXFileReference; lastKnownFileType = sourcecode.swift; path = ConcentrationViewController.swift; sourceTree = "<group>"; };
		6E7DFFF82466A84000C512F1 /* Base */ = {isa = PBXFileReference; lastKnownFileType = file.storyboard; name = Base; path = Base.lproj/Main.storyboard; sourceTree = "<group>"; };
		6E7DFFFA2466A84100C512F1 /* Assets.xcassets */ = {isa = PBXFileReference; lastKnownFileType = folder.assetcatalog; path = Assets.xcassets; sourceTree = "<group>"; };
		6E7DFFFD2466A84100C512F1 /* Base */ = {isa = PBXFileReference; lastKnownFileType = file.storyboard; name = Base; path = Base.lproj/LaunchScreen.storyboard; sourceTree = "<group>"; };
		6E7DFFFF2466A84100C512F1 /* Info.plist */ = {isa = PBXFileReference; lastKnownFileType = text.plist.xml; path = Info.plist; sourceTree = "<group>"; };
		6EAF6E60246D37510073CCD2 /* Concentration.swift */ = {isa = PBXFileReference; lastKnownFileType = sourcecode.swift; path = Concentration.swift; sourceTree = "<group>"; };
		6EAF6E62246D386A0073CCD2 /* Card.swift */ = {isa = PBXFileReference; lastKnownFileType = sourcecode.swift; path = Card.swift; sourceTree = "<group>"; };
		6EE548D324E28E3E0083979D /* ConcentrationThemeChooserViewController.swift */ = {isa = PBXFileReference; lastKnownFileType = sourcecode.swift; path = ConcentrationThemeChooserViewController.swift; sourceTree = "<group>"; };
/* End PBXFileReference section */

/* Begin PBXFrameworksBuildPhase section */
		6E7DFFEB2466A84000C512F1 /* Frameworks */ = {
			isa = PBXFrameworksBuildPhase;
			buildActionMask = 2147483647;
			files = (
			);
			runOnlyForDeploymentPostprocessing = 0;
		};
/* End PBXFrameworksBuildPhase section */

/* Begin PBXGroup section */
		6E7DFFE52466A84000C512F1 = {
			isa = PBXGroup;
			children = (
				6EAF6E60246D37510073CCD2 /* Concentration.swift */,
				6EAF6E62246D386A0073CCD2 /* Card.swift */,
				6E7DFFF02466A84000C512F1 /* cncentration */,
				6E7DFFEF2466A84000C512F1 /* Products */,
			);
			sourceTree = "<group>";
		};
		6E7DFFEF2466A84000C512F1 /* Products */ = {
			isa = PBXGroup;
			children = (
				6E7DFFEE2466A84000C512F1 /* concentration.app */,
			);
			name = Products;
			sourceTree = "<group>";
		};
		6E7DFFF02466A84000C512F1 /* cncentration */ = {
			isa = PBXGroup;
			children = (
				6E7DFFF12466A84000C512F1 /* AppDelegate.swift */,
				6E7DFFF32466A84000C512F1 /* SceneDelegate.swift */,
				6E7DFFF52466A84000C512F1 /* ConcentrationViewController.swift */,
				6E7DFFF72466A84000C512F1 /* Main.storyboard */,
				6EE548D324E28E3E0083979D /* ConcentrationThemeChooserViewController.swift */,
				6E7DFFFA2466A84100C512F1 /* Assets.xcassets */,
				6E7DFFFC2466A84100C512F1 /* LaunchScreen.storyboard */,
				6E7DFFFF2466A84100C512F1 /* Info.plist */,
			);
			path = cncentration;
			sourceTree = "<group>";
		};
/* End PBXGroup section */

/* Begin PBXNativeTarget section */
		6E7DFFED2466A84000C512F1 /* concentration */ = {
			isa = PBXNativeTarget;
			buildConfigurationList = 6E7D00022466A84100C512F1 /* Build configuration list for PBXNativeTarget "concentration" */;
			buildPhases = (
				6E7DFFEA2466A84000C512F1 /* Sources */,
				6E7DFFEB2466A84000C512F1 /* Frameworks */,
				6E7DFFEC2466A84000C512F1 /* Resources */,
			);
			buildRules = (
			);
			dependencies = (
			);
			name = concentration;
			productName = cncentration;
			productReference = 6E7DFFEE2466A84000C512F1 /* concentration.app */;
			productType = "com.apple.product-type.application";
		};
/* End PBXNativeTarget section */

/* Begin PBXProject section */
		6E7DFFE62466A84000C512F1 /* Project object */ = {
			isa = PBXProject;
			attributes = {
				LastSwiftUpdateCheck = 1140;
				LastUpgradeCheck = 1140;
				ORGANIZATIONNAME = "Павел Звеглянич";
				TargetAttributes = {
					6E7DFFED2466A84000C512F1 = {
						CreatedOnToolsVersion = 11.4.1;
					};
				};
			};
			buildConfigurationList = 6E7DFFE92466A84000C512F1 /* Build configuration list for PBXProject "concentration" */;
			compatibilityVersion = "Xcode 9.3";
			developmentRegion = en;
			hasScannedForEncodings = 0;
			knownRegions = (
				en,
				Base,
			);
			mainGroup = 6E7DFFE52466A84000C512F1;
			productRefGroup = 6E7DFFEF2466A84000C512F1 /* Products */;
			projectDirPath = "";
			projectRoot = "";
			targets = (
				6E7DFFED2466A84000C512F1 /* concentration */,
			);
		};
/* End PBXProject section */

/* Begin PBXResourcesBuildPhase section */
		6E7DFFEC2466A84000C512F1 /* Resources */ = {
			isa = PBXResourcesBuildPhase;
			buildActionMask = 2147483647;
			files = (
				6E7DFFFE2466A84100C512F1 /* LaunchScreen.storyboard in Resources */,
				6E7DFFFB2466A84100C512F1 /* Assets.xcassets in Resources */,
				6E7DFFF92466A84000C512F1 /* Main.storyboard in Resources */,
			);
			runOnlyForDeploymentPostprocessing = 0;
		};
/* End PBXResourcesBuildPhase section */

/* Begin PBXSourcesBuildPhase section */
		6E7DFFEA2466A84000C512F1 /* Sources */ = {
			isa = PBXSourcesBuildPhase;
			buildActionMask = 2147483647;
			files = (
				6E7DFFF62466A84000C512F1 /* ConcentrationViewController.swift in Sources */,
				6EAF6E61246D37510073CCD2 /* Concentration.swift in Sources */,
				6EAF6E63246D386A0073CCD2 /* Card.swift in Sources */,
				6E7DFFF22466A84000C512F1 /* AppDelegate.swift in Sources */,
				6EE548D424E28E3E0083979D /* ConcentrationThemeChooserViewController.swift in Sources */,
				6E7DFFF42466A84000C512F1 /* SceneDelegate.swift in Sources */,
			);
			runOnlyForDeploymentPostprocessing = 0;
		};
/* End PBXSourcesBuildPhase section */

/* Begin PBXVariantGroup section */
		6E7DFFF72466A84000C512F1 /* Main.storyboard */ = {
			isa = PBXVariantGroup;
			children = (
				6E7DFFF82466A84000C512F1 /* Base */,
			);
			name = Main.storyboard;
			sourceTree = "<group>";
		};
		6E7DFFFC2466A84100C512F1 /* LaunchScreen.storyboard */ = {
			isa = PBXVariantGroup;
			children = (
				6E7DFFFD2466A84100C512F1 /* Base */,
			);
			name = LaunchScreen.storyboard;
			sourceTree = "<group>";
		};
/* End PBXVariantGroup section */

/* Begin XCBuildConfiguration section */
		6E7D00002466A84100C512F1 /* Debug */ = {
			isa = XCBuildConfiguration;
			buildSettings = {
				ALWAYS_SEARCH_USER_PATHS = NO;
				CLANG_ANALYZER_NONNULL = YES;
				CLANG_ANALYZER_NUMBER_OBJECT_CONVERSION = YES_AGGRESSIVE;
				CLANG_CXX_LANGUAGE_STANDARD = "gnu++14";
				CLANG_CXX_LIBRARY = "libc++";
				CLANG_ENABLE_MODULES = YES;
				CLANG_ENABLE_OBJC_ARC = YES;
				CLANG_ENABLE_OBJC_WEAK = YES;
				CLANG_WARN_BLOCK_CAPTURE_AUTORELEASING = YES;
				CLANG_WARN_BOOL_CONVERSION = YES;
				CLANG_WARN_COMMA = YES;
				CLANG_WARN_CONSTANT_CONVERSION = YES;
				CLANG_WARN_DEPRECATED_OBJC_IMPLEMENTATIONS = YES;
				CLANG_WARN_DIRECT_OBJC_ISA_USAGE = YES_ERROR;
				CLANG_WARN_DOCUMENTATION_COMMENTS = YES;
				CLANG_WARN_EMPTY_BODY = YES;
				CLANG_WARN_ENUM_CONVERSION = YES;
				CLANG_WARN_INFINITE_RECURSION = YES;
				CLANG_WARN_INT_CONVERSION = YES;
				CLANG_WARN_NON_LITERAL_NULL_CONVERSION = YES;
				CLANG_WARN_OBJC_IMPLICIT_RETAIN_SELF = YES;
				CLANG_WARN_OBJC_LITERAL_CONVERSION = YES;
				CLANG_WARN_OBJC_ROOT_CLASS = YES_ERROR;
				CLANG_WARN_RANGE_LOOP_ANALYSIS = YES;
				CLANG_WARN_STRICT_PROTOTYPES = YES;
				CLANG_WARN_SUSPICIOUS_MOVE = YES;
				CLANG_WARN_UNGUARDED_AVAILABILITY = YES_AGGRESSIVE;
				CLANG_WARN_UNREACHABLE_CODE = YES;
				CLANG_WARN__DUPLICATE_METHOD_MATCH = YES;
				COPY_PHASE_STRIP = NO;
				DEBUG_INFORMATION_FORMAT = dwarf;
				ENABLE_STRICT_OBJC_MSGSEND = YES;
				ENABLE_TESTABILITY = YES;
				GCC_C_LANGUAGE_STANDARD = gnu11;
				GCC_DYNAMIC_NO_PIC = NO;
				GCC_NO_COMMON_BLOCKS = YES;
				GCC_OPTIMIZATION_LEVEL = 0;
				GCC_PREPROCESSOR_DEFINITIONS = (
					"DEBUG=1",
					"$(inherited)",
				);
				GCC_WARN_64_TO_32_BIT_CONVERSION = YES;
				GCC_WARN_ABOUT_RETURN_TYPE = YES_ERROR;
				GCC_WARN_UNDECLARED_SELECTOR = YES;
				GCC_WARN_UNINITIALIZED_AUTOS = YES_AGGRESSIVE;
				GCC_WARN_UNUSED_FUNCTION = YES;
				GCC_WARN_UNUSED_VARIABLE = YES;
				IPHONEOS_DEPLOYMENT_TARGET = 13.4;
				MTL_ENABLE_DEBUG_INFO = INCLUDE_SOURCE;
				MTL_FAST_MATH = YES;
				ONLY_ACTIVE_ARCH = YES;
				SDKROOT = iphoneos;
				SWIFT_ACTIVE_COMPILATION_CONDITIONS = DEBUG;
				SWIFT_OPTIMIZATION_LEVEL = "-Onone";
			};
			name = Debug;
		};
		6E7D00012466A84100C512F1 /* Release */ = {
			isa = XCBuildConfiguration;
			buildSettings = {
				ALWAYS_SEARCH_USER_PATHS = NO;
				CLANG_ANALYZER_NONNULL = YES;
				CLANG_ANALYZER_NUMBER_OBJECT_CONVERSION = YES_AGGRESSIVE;
				CLANG_CXX_LANGUAGE_STANDARD = "gnu++14";
				CLANG_CXX_LIBRARY = "libc++";
				CLANG_ENABLE_MODULES = YES;
				CLANG_ENABLE_OBJC_ARC = YES;
				CLANG_ENABLE_OBJC_WEAK = YES;
				CLANG_WARN_BLOCK_CAPTURE_AUTORELEASING = YES;
				CLANG_WARN_BOOL_CONVERSION = YES;
				CLANG_WARN_COMMA = YES;
				CLANG_WARN_CONSTANT_CONVERSION = YES;
				CLANG_WARN_DEPRECATED_OBJC_IMPLEMENTATIONS = YES;
				CLANG_WARN_DIRECT_OBJC_ISA_USAGE = YES_ERROR;
				CLANG_WARN_DOCUMENTATION_COMMENTS = YES;
				CLANG_WARN_EMPTY_BODY = YES;
				CLANG_WARN_ENUM_CONVERSION = YES;
				CLANG_WARN_INFINITE_RECURSION = YES;
				CLANG_WARN_INT_CONVERSION = YES;
				CLANG_WARN_NON_LITERAL_NULL_CONVERSION = YES;
				CLANG_WARN_OBJC_IMPLICIT_RETAIN_SELF = YES;
				CLANG_WARN_OBJC_LITERAL_CONVERSION = YES;
				CLANG_WARN_OBJC_ROOT_CLASS = YES_ERROR;
				CLANG_WARN_RANGE_LOOP_ANALYSIS = YES;
				CLANG_WARN_STRICT_PROTOTYPES = YES;
				CLANG_WARN_SUSPICIOUS_MOVE = YES;
				CLANG_WARN_UNGUARDED_AVAILABILITY = YES_AGGRESSIVE;
				CLANG_WARN_UNREACHABLE_CODE = YES;
				CLANG_WARN__DUPLICATE_METHOD_MATCH = YES;
				COPY_PHASE_STRIP = NO;
				DEBUG_INFORMATION_FORMAT = "dwarf-with-dsym";
				ENABLE_NS_ASSERTIONS = NO;
				ENABLE_STRICT_OBJC_MSGSEND = YES;
				GCC_C_LANGUAGE_STANDARD = gnu11;
				GCC_NO_COMMON_BLOCKS = YES;
				GCC_WARN_64_TO_32_BIT_CONVERSION = YES;
				GCC_WARN_ABOUT_RETURN_TYPE = YES_ERROR;
				GCC_WARN_UNDECLARED_SELECTOR = YES;
				GCC_WARN_UNINITIALIZED_AUTOS = YES_AGGRESSIVE;
				GCC_WARN_UNUSED_FUNCTION = YES;
				GCC_WARN_UNUSED_VARIABLE = YES;
				IPHONEOS_DEPLOYMENT_TARGET = 13.4;
				MTL_ENABLE_DEBUG_INFO = NO;
				MTL_FAST_MATH = YES;
				SDKROOT = iphoneos;
				SWIFT_COMPILATION_MODE = wholemodule;
				SWIFT_OPTIMIZATION_LEVEL = "-O";
				VALIDATE_PRODUCT = YES;
			};
			name = Release;
		};
		6E7D00032466A84100C512F1 /* Debug */ = {
			isa = XCBuildConfiguration;
			buildSettings = {
				ASSETCATALOG_COMPILER_APPICON_NAME = AppIcon;
				CODE_SIGN_STYLE = Automatic;
				INFOPLIST_FILE = cncentration/Info.plist;
				LD_RUNPATH_SEARCH_PATHS = (
					"$(inherited)",
					"@executable_path/Frameworks",
				);
				PRODUCT_BUNDLE_IDENTIFIER = "-.concentration";
				PRODUCT_NAME = concentration;
				SWIFT_VERSION = 5.0;
				TARGETED_DEVICE_FAMILY = "1,2";
			};
			name = Debug;
		};
		6E7D00042466A84100C512F1 /* Release */ = {
			isa = XCBuildConfiguration;
			buildSettings = {
				ASSETCATALOG_COMPILER_APPICON_NAME = AppIcon;
				CODE_SIGN_STYLE = Automatic;
				INFOPLIST_FILE = cncentration/Info.plist;
				LD_RUNPATH_SEARCH_PATHS = (
					"$(inherited)",
					"@executable_path/Frameworks",
				);
				PRODUCT_BUNDLE_IDENTIFIER = "-.concentration";
				PRODUCT_NAME = concentration;
				SWIFT_VERSION = 5.0;
				TARGETED_DEVICE_FAMILY = "1,2";
			};
			name = Release;
		};
/* End XCBuildConfiguration section */

/* Begin XCConfigurationList section */
		6E7D00022466A84100C512F1 /* Build configuration list for PBXNativeTarget "concentration" */ = {
			isa = XCConfigurationList;
			buildConfigurations = (
				6E7D00032466A84100C512F1 /* Debug */,
				6E7D00042466A84100C512F1 /* Release */,
			);
			defaultConfigurationIsVisible = 0;
			defaultConfigurationName = Release;
		};
		6E7DFFE92466A84000C512F1 /* Build configuration list for PBXProject "concentration" */ = {
			isa = XCConfigurationList;
			buildConfigurations = (
				6E7D00002466A84100C512F1 /* Debug */,
				6E7D00012466A84100C512F1 /* Release */,
			);
			defaultConfigurationIsVisible = 0;
			defaultConfigurationName = Release;
		};
/* End XCConfigurationList section */
	};
	rootObject = 6E7DFFE62466A84000C512F1 /* Project object */;
}
